
Microsoft Visual Studio Solution File, Format Version 12.00
# Visual Studio 2013
VisualStudioVersion = 12.0.31101.0
MinimumVisualStudioVersion = 10.0.40219.1
Project("{FAE04EC0-301F-11D3-BF4B-00C04F79EFBC}") = "CSharp_Steering_Behavior", "CSharp_Steering_Behavior\CSharp_Steering_Behavior.csproj", "{17A61A98-812E-4330-A92D-0F23FD4EF09D}"
EndProject
Project("{FAE04EC0-301F-11D3-BF4B-00C04F79EFBC}") = "Lillheaton.Monogame.Steering", "Lillheaton.Monogame.Steering\Lillheaton.Monogame.Steering.csproj", "{A02C1150-189F-499D-975D-FC092C8B8158}"
EndProject
Global
	GlobalSection(SolutionConfigurationPlatforms) = preSolution
		Debug|Any CPU = Debug|Any CPU
		Debug|Mixed Platforms = Debug|Mixed Platforms
		Debug|x86 = Debug|x86
		Release|Any CPU = Release|Any CPU
		Release|Mixed Platforms = Release|Mixed Platforms
		Release|x86 = Release|x86
	EndGlobalSection
	GlobalSection(ProjectConfigurationPlatforms) = postSolution
		{17A61A98-812E-4330-A92D-0F23FD4EF09D}.Debug|Any CPU.ActiveCfg = Debug|x86
		{17A61A98-812E-4330-A92D-0F23FD4EF09D}.Debug|Mixed Platforms.ActiveCfg = Debug|x86
		{17A61A98-812E-4330-A92D-0F23FD4EF09D}.Debug|Mixed Platforms.Build.0 = Debug|x86
		{17A61A98-812E-4330-A92D-0F23FD4EF09D}.Debug|x86.ActiveCfg = Debug|x86
		{17A61A98-812E-4330-A92D-0F23FD4EF09D}.Debug|x86.Build.0 = Debug|x86
		{17A61A98-812E-4330-A92D-0F23FD4EF09D}.Release|Any CPU.ActiveCfg = Release|x86
		{17A61A98-812E-4330-A92D-0F23FD4EF09D}.Release|Mixed Platforms.ActiveCfg = Release|x86
		{17A61A98-812E-4330-A92D-0F23FD4EF09D}.Release|Mixed Platforms.Build.0 = Release|x86
		{17A61A98-812E-4330-A92D-0F23FD4EF09D}.Release|x86.ActiveCfg = Release|x86
		{17A61A98-812E-4330-A92D-0F23FD4EF09D}.Release|x86.Build.0 = Release|x86
		{A02C1150-189F-499D-975D-FC092C8B8158}.Debug|Any CPU.ActiveCfg = Debug|Any CPU
		{A02C1150-189F-499D-975D-FC092C8B8158}.Debug|Any CPU.Build.0 = Debug|Any CPU
		{A02C1150-189F-499D-975D-FC092C8B8158}.Debug|Mixed Platforms.ActiveCfg = Debug|Any CPU
		{A02C1150-189F-499D-975D-FC092C8B8158}.Debug|Mixed Platforms.Build.0 = Debug|Any CPU
		{A02C1150-189F-499D-975D-FC092C8B8158}.Debug|x86.ActiveCfg = Debug|Any CPU
		{A02C1150-189F-499D-975D-FC092C8B8158}.Release|Any CPU.ActiveCfg = Release|Any CPU
		{A02C1150-189F-499D-975D-FC092C8B8158}.Release|Any CPU.Build.0 = Release|Any CPU
		{A02C1150-189F-499D-975D-FC092C8B8158}.Release|Mixed Platforms.ActiveCfg = Release|Any CPU
		{A02C1150-189F-499D-975D-FC092C8B8158}.Release|Mixed Platforms.Build.0 = Release|Any CPU
		{A02C1150-189F-499D-975D-FC092C8B8158}.Release|x86.ActiveCfg = Release|Any CPU
	EndGlobalSection
	GlobalSection(SolutionProperties) = preSolution
		HideSolutionNode = FALSE
	EndGlobalSection
EndGlobal
